
Microsoft Visual Studio Solution File, Format Version 12.00
# Visual Studio Version 17
VisualStudioVersion = 17.10.35004.147
MinimumVisualStudioVersion = 10.0.40219.1
Project("{FAE04EC0-301F-11D3-BF4B-00C04F79EFBC}") = "CSharp_DZ_6_Dedok", "CSharp_DZ_6_Dedok.csproj", "{3DCCF8F3-1B50-4334-9ABC-39798FFF8595}"
EndProject
Global
	GlobalSection(SolutionConfigurationPlatforms) = preSolution
		Debug|Any CPU = Debug|Any CPU
		Release|Any CPU = Release|Any CPU
	EndGlobalSection
	GlobalSection(ProjectConfigurationPlatforms) = postSolution
		{3DCCF8F3-1B50-4334-9ABC-39798FFF8595}.Debug|Any CPU.ActiveCfg = Debug|Any CPU
		{3DCCF8F3-1B50-4334-9ABC-39798FFF8595}.Debug|Any CPU.Build.0 = Debug|Any CPU
		{3DCCF8F3-1B50-4334-9ABC-39798FFF8595}.Release|Any CPU.ActiveCfg = Release|Any CPU
		{3DCCF8F3-1B50-4334-9ABC-39798FFF8595}.Release|Any CPU.Build.0 = Release|Any CPU
	EndGlobalSection
	GlobalSection(SolutionProperties) = preSolution
		HideSolutionNode = FALSE
	EndGlobalSection
	GlobalSection(ExtensibilityGlobals) = postSolution
		SolutionGuid = {7A0B2FF2-53EF-4185-B644-9768F3F85509}
	EndGlobalSection
EndGlobal
